
Microsoft Visual Studio Solution File, Format Version 12.00
# Visual Studio Version 17
VisualStudioVersion = 17.3.32901.215
MinimumVisualStudioVersion = 10.0.40219.1
Project("{FAE04EC0-301F-11D3-BF4B-00C04F79EFBC}") = "Portable store", "Portable store\Portable store.csproj", "{AA68BF60-D312-4962-ADB9-FB617D051594}"
EndProject
Global
	GlobalSection(SolutionConfigurationPlatforms) = preSolution
		Debug|Any CPU = Debug|Any CPU
		Release|Any CPU = Release|Any CPU
	EndGlobalSection
	GlobalSection(ProjectConfigurationPlatforms) = postSolution
		{AA68BF60-D312-4962-ADB9-FB617D051594}.Debug|Any CPU.ActiveCfg = Debug|Any CPU
		{AA68BF60-D312-4962-ADB9-FB617D051594}.Debug|Any CPU.Build.0 = Debug|Any CPU
		{AA68BF60-D312-4962-ADB9-FB617D051594}.Release|Any CPU.ActiveCfg = Release|Any CPU
		{AA68BF60-D312-4962-ADB9-FB617D051594}.Release|Any CPU.Build.0 = Release|Any CPU
	EndGlobalSection
	GlobalSection(SolutionProperties) = preSolution
		HideSolutionNode = FALSE
	EndGlobalSection
	GlobalSection(ExtensibilityGlobals) = postSolution
		SolutionGuid = {42E00D1E-DB4C-4568-9D2F-B3EE0558BE34}
	EndGlobalSection
EndGlobal
